// !$*UTF8*$!
{
	archiveVersion = 1;
	classes = {
	};
	objectVersion = 55;
	objects = {

/* Begin PBXBuildFile section */
		F20EB130277A37CF001DB926 /* AppDelegate.m in Sources */ = {isa = PBXBuildFile; fileRef = F20EB12F277A37CF001DB926 /* AppDelegate.m */; };
		F20EB133277A37CF001DB926 /* SceneDelegate.m in Sources */ = {isa = PBXBuildFile; fileRef = F20EB132277A37CF001DB926 /* SceneDelegate.m */; };
		F20EB136277A37CF001DB926 /* ViewController.m in Sources */ = {isa = PBXBuildFile; fileRef = F20EB135277A37CF001DB926 /* ViewController.m */; };
		F20EB139277A37CF001DB926 /* Main.storyboard in Resources */ = {isa = PBXBuildFile; fileRef = F20EB137277A37CF001DB926 /* Main.storyboard */; };
		F20EB13B277A37D1001DB926 /* Assets.xcassets in Resources */ = {isa = PBXBuildFile; fileRef = F20EB13A277A37D1001DB926 /* Assets.xcassets */; };
		F20EB13E277A37D1001DB926 /* LaunchScreen.storyboard in Resources */ = {isa = PBXBuildFile; fileRef = F20EB13C277A37D1001DB926 /* LaunchScreen.storyboard */; };
		F20EB141277A37D1001DB926 /* main.m in Sources */ = {isa = PBXBuildFile; fileRef = F20EB140277A37D1001DB926 /* main.m */; };
		F20EB14B277A37D1001DB926 /* ClinicalInc_MobileTechAssessmentTests.m in Sources */ = {isa = PBXBuildFile; fileRef = F20EB14A277A37D1001DB926 /* ClinicalInc_MobileTechAssessmentTests.m */; };
		F20EB155277A37D1001DB926 /* ClinicalInc_MobileTechAssessmentUITests.m in Sources */ = {isa = PBXBuildFile; fileRef = F20EB154277A37D1001DB926 /* ClinicalInc_MobileTechAssessmentUITests.m */; };
		F20EB157277A37D1001DB926 /* ClinicalInc_MobileTechAssessmentUITestsLaunchTests.m in Sources */ = {isa = PBXBuildFile; fileRef = F20EB156277A37D1001DB926 /* ClinicalInc_MobileTechAssessmentUITestsLaunchTests.m */; };
		F20EB16A277A687C001DB926 /* GoogleMapsBase.framework in Frameworks */ = {isa = PBXBuildFile; fileRef = F20EB169277A687C001DB926 /* GoogleMapsBase.framework */; };
		F20EB16C277A6887001DB926 /* GoogleMaps.framework in Frameworks */ = {isa = PBXBuildFile; fileRef = F20EB16B277A6887001DB926 /* GoogleMaps.framework */; };
		F20EB16E277A6894001DB926 /* GoogleMapsCore.framework in Frameworks */ = {isa = PBXBuildFile; fileRef = F20EB16D277A6894001DB926 /* GoogleMapsCore.framework */; };
		F2388CAF2793823800D31892 /* CurrentLocation.gpx in Resources */ = {isa = PBXBuildFile; fileRef = F2388CAE2793823800D31892 /* CurrentLocation.gpx */; };
		F2FD10D8277CD2F60038DEC9 /* Accelerate.framework in Frameworks */ = {isa = PBXBuildFile; fileRef = F2FD10D7277CD2F60038DEC9 /* Accelerate.framework */; };
		F2FD10DA277CD3010038DEC9 /* CoreData.framework in Frameworks */ = {isa = PBXBuildFile; fileRef = F2FD10D9277CD3010038DEC9 /* CoreData.framework */; };
		F2FD10DC277CD30B0038DEC9 /* CoreGraphics.framework in Frameworks */ = {isa = PBXBuildFile; fileRef = F2FD10DB277CD30B0038DEC9 /* CoreGraphics.framework */; };
		F2FD10DE277CD3170038DEC9 /* CoreImage.framework in Frameworks */ = {isa = PBXBuildFile; fileRef = F2FD10DD277CD3170038DEC9 /* CoreImage.framework */; };
		F2FD10E0277CD3200038DEC9 /* CoreLocation.framework in Frameworks */ = {isa = PBXBuildFile; fileRef = F2FD10DF277CD3200038DEC9 /* CoreLocation.framework */; };
		F2FD10E2277CD3270038DEC9 /* CoreTelephony.framework in Frameworks */ = {isa = PBXBuildFile; fileRef = F2FD10E1277CD3270038DEC9 /* CoreTelephony.framework */; };
		F2FD10E4277CD32D0038DEC9 /* CoreText.framework in Frameworks */ = {isa = PBXBuildFile; fileRef = F2FD10E3277CD32D0038DEC9 /* CoreText.framework */; };
		F2FD10E6277CD3340038DEC9 /* GLKit.framework in Frameworks */ = {isa = PBXBuildFile; fileRef = F2FD10E5277CD3340038DEC9 /* GLKit.framework */; };
		F2FD10E8277CD33A0038DEC9 /* ImageIO.framework in Frameworks */ = {isa = PBXBuildFile; fileRef = F2FD10E7277CD33A0038DEC9 /* ImageIO.framework */; };
		F2FD10EA277CD3440038DEC9 /* libc++.tbd in Frameworks */ = {isa = PBXBuildFile; fileRef = F2FD10E9277CD3430038DEC9 /* libc++.tbd */; };
		F2FD10EC277CD34B0038DEC9 /* libz.tbd in Frameworks */ = {isa = PBXBuildFile; fileRef = F2FD10EB277CD34B0038DEC9 /* libz.tbd */; };
		F2FD10EE277CD3500038DEC9 /* Metal.framework in Frameworks */ = {isa = PBXBuildFile; fileRef = F2FD10ED277CD3500038DEC9 /* Metal.framework */; };
		F2FD10F0277CD35A0038DEC9 /* OpenGLES.framework in Frameworks */ = {isa = PBXBuildFile; fileRef = F2FD10EF277CD35A0038DEC9 /* OpenGLES.framework */; };
		F2FD10F2277CD3640038DEC9 /* QuartzCore.framework in Frameworks */ = {isa = PBXBuildFile; fileRef = F2FD10F1277CD3640038DEC9 /* QuartzCore.framework */; };
		F2FD10F4277CD36C0038DEC9 /* SystemConfiguration.framework in Frameworks */ = {isa = PBXBuildFile; fileRef = F2FD10F3277CD36C0038DEC9 /* SystemConfiguration.framework */; };
		F2FD10F6277CD3710038DEC9 /* UIKit.framework in Frameworks */ = {isa = PBXBuildFile; fileRef = F2FD10F5277CD3710038DEC9 /* UIKit.framework */; };
		F2FD10F8277CD8E30038DEC9 /* GoogleMaps.bundle in Resources */ = {isa = PBXBuildFile; fileRef = F2FD10F7277CD8E30038DEC9 /* GoogleMaps.bundle */; };
/* End PBXBuildFile section */

/* Begin PBXContainerItemProxy section */
		F20EB147277A37D1001DB926 /* PBXContainerItemProxy */ = {
			isa = PBXContainerItemProxy;
			containerPortal = F20EB123277A37CF001DB926 /* Project object */;
			proxyType = 1;
			remoteGlobalIDString = F20EB12A277A37CF001DB926;
			remoteInfo = ClinicalInc_MobileTechAssessment;
		};
		F20EB151277A37D1001DB926 /* PBXContainerItemProxy */ = {
			isa = PBXContainerItemProxy;
			containerPortal = F20EB123277A37CF001DB926 /* Project object */;
			proxyType = 1;
			remoteGlobalIDString = F20EB12A277A37CF001DB926;
			remoteInfo = ClinicalInc_MobileTechAssessment;
		};
/* End PBXContainerItemProxy section */

/* Begin PBXFileReference section */
		F20EB12B277A37CF001DB926 /* ClinicalInc_MobileTechAssessment.app */ = {isa = PBXFileReference; explicitFileType = wrapper.application; includeInIndex = 0; path = ClinicalInc_MobileTechAssessment.app; sourceTree = BUILT_PRODUCTS_DIR; };
		F20EB12E277A37CF001DB926 /* AppDelegate.h */ = {isa = PBXFileReference; lastKnownFileType = sourcecode.c.h; path = AppDelegate.h; sourceTree = "<group>"; };
		F20EB12F277A37CF001DB926 /* AppDelegate.m */ = {isa = PBXFileReference; lastKnownFileType = sourcecode.c.objc; path = AppDelegate.m; sourceTree = "<group>"; };
		F20EB131277A37CF001DB926 /* SceneDelegate.h */ = {isa = PBXFileReference; lastKnownFileType = sourcecode.c.h; path = SceneDelegate.h; sourceTree = "<group>"; };
		F20EB132277A37CF001DB926 /* SceneDelegate.m */ = {isa = PBXFileReference; lastKnownFileType = sourcecode.c.objc; path = SceneDelegate.m; sourceTree = "<group>"; };
		F20EB134277A37CF001DB926 /* ViewController.h */ = {isa = PBXFileReference; lastKnownFileType = sourcecode.c.h; path = ViewController.h; sourceTree = "<group>"; };
		F20EB135277A37CF001DB926 /* ViewController.m */ = {isa = PBXFileReference; lastKnownFileType = sourcecode.c.objc; path = ViewController.m; sourceTree = "<group>"; };
		F20EB138277A37CF001DB926 /* Base */ = {isa = PBXFileReference; lastKnownFileType = file.storyboard; name = Base; path = Base.lproj/Main.storyboard; sourceTree = "<group>"; };
		F20EB13A277A37D1001DB926 /* Assets.xcassets */ = {isa = PBXFileReference; lastKnownFileType = folder.assetcatalog; path = Assets.xcassets; sourceTree = "<group>"; };
		F20EB13D277A37D1001DB926 /* Base */ = {isa = PBXFileReference; lastKnownFileType = file.storyboard; name = Base; path = Base.lproj/LaunchScreen.storyboard; sourceTree = "<group>"; };
		F20EB13F277A37D1001DB926 /* Info.plist */ = {isa = PBXFileReference; lastKnownFileType = text.plist.xml; path = Info.plist; sourceTree = "<group>"; };
		F20EB140277A37D1001DB926 /* main.m */ = {isa = PBXFileReference; lastKnownFileType = sourcecode.c.objc; path = main.m; sourceTree = "<group>"; };
		F20EB146277A37D1001DB926 /* ClinicalInc_MobileTechAssessmentTests.xctest */ = {isa = PBXFileReference; explicitFileType = wrapper.cfbundle; includeInIndex = 0; path = ClinicalInc_MobileTechAssessmentTests.xctest; sourceTree = BUILT_PRODUCTS_DIR; };
		F20EB14A277A37D1001DB926 /* ClinicalInc_MobileTechAssessmentTests.m */ = {isa = PBXFileReference; lastKnownFileType = sourcecode.c.objc; path = ClinicalInc_MobileTechAssessmentTests.m; sourceTree = "<group>"; };
		F20EB150277A37D1001DB926 /* ClinicalInc_MobileTechAssessmentUITests.xctest */ = {isa = PBXFileReference; explicitFileType = wrapper.cfbundle; includeInIndex = 0; path = ClinicalInc_MobileTechAssessmentUITests.xctest; sourceTree = BUILT_PRODUCTS_DIR; };
		F20EB154277A37D1001DB926 /* ClinicalInc_MobileTechAssessmentUITests.m */ = {isa = PBXFileReference; lastKnownFileType = sourcecode.c.objc; path = ClinicalInc_MobileTechAssessmentUITests.m; sourceTree = "<group>"; };
		F20EB156277A37D1001DB926 /* ClinicalInc_MobileTechAssessmentUITestsLaunchTests.m */ = {isa = PBXFileReference; lastKnownFileType = sourcecode.c.objc; path = ClinicalInc_MobileTechAssessmentUITestsLaunchTests.m; sourceTree = "<group>"; };
		F20EB169277A687C001DB926 /* GoogleMapsBase.framework */ = {isa = PBXFileReference; lastKnownFileType = wrapper.framework; path = GoogleMapsBase.framework; sourceTree = "<group>"; };
		F20EB16B277A6887001DB926 /* GoogleMaps.framework */ = {isa = PBXFileReference; lastKnownFileType = wrapper.framework; path = GoogleMaps.framework; sourceTree = "<group>"; };
		F20EB16D277A6894001DB926 /* GoogleMapsCore.framework */ = {isa = PBXFileReference; lastKnownFileType = wrapper.framework; path = GoogleMapsCore.framework; sourceTree = "<group>"; };
		F2388CAE2793823800D31892 /* CurrentLocation.gpx */ = {isa = PBXFileReference; lastKnownFileType = text.xml; path = CurrentLocation.gpx; sourceTree = "<group>"; };
		F2FD10D7277CD2F60038DEC9 /* Accelerate.framework */ = {isa = PBXFileReference; lastKnownFileType = wrapper.framework; name = Accelerate.framework; path = System/Library/Frameworks/Accelerate.framework; sourceTree = SDKROOT; };
		F2FD10D9277CD3010038DEC9 /* CoreData.framework */ = {isa = PBXFileReference; lastKnownFileType = wrapper.framework; name = CoreData.framework; path = System/Library/Frameworks/CoreData.framework; sourceTree = SDKROOT; };
		F2FD10DB277CD30B0038DEC9 /* CoreGraphics.framework */ = {isa = PBXFileReference; lastKnownFileType = wrapper.framework; name = CoreGraphics.framework; path = System/Library/Frameworks/CoreGraphics.framework; sourceTree = SDKROOT; };
		F2FD10DD277CD3170038DEC9 /* CoreImage.framework */ = {isa = PBXFileReference; lastKnownFileType = wrapper.framework; name = CoreImage.framework; path = System/Library/Frameworks/CoreImage.framework; sourceTree = SDKROOT; };
		F2FD10DF277CD3200038DEC9 /* CoreLocation.framework */ = {isa = PBXFileReference; lastKnownFileType = wrapper.framework; name = CoreLocation.framework; path = System/Library/Frameworks/CoreLocation.framework; sourceTree = SDKROOT; };
		F2FD10E1277CD3270038DEC9 /* CoreTelephony.framework */ = {isa = PBXFileReference; lastKnownFileType = wrapper.framework; name = CoreTelephony.framework; path = System/Library/Frameworks/CoreTelephony.framework; sourceTree = SDKROOT; };
		F2FD10E3277CD32D0038DEC9 /* CoreText.framework */ = {isa = PBXFileReference; lastKnownFileType = wrapper.framework; name = CoreText.framework; path = System/Library/Frameworks/CoreText.framework; sourceTree = SDKROOT; };
		F2FD10E5277CD3340038DEC9 /* GLKit.framework */ = {isa = PBXFileReference; lastKnownFileType = wrapper.framework; name = GLKit.framework; path = System/Library/Frameworks/GLKit.framework; sourceTree = SDKROOT; };
		F2FD10E7277CD33A0038DEC9 /* ImageIO.framework */ = {isa = PBXFileReference; lastKnownFileType = wrapper.framework; name = ImageIO.framework; path = System/Library/Frameworks/ImageIO.framework; sourceTree = SDKROOT; };
		F2FD10E9277CD3430038DEC9 /* libc++.tbd */ = {isa = PBXFileReference; lastKnownFileType = "sourcecode.text-based-dylib-definition"; name = "libc++.tbd"; path = "usr/lib/libc++.tbd"; sourceTree = SDKROOT; };
		F2FD10EB277CD34B0038DEC9 /* libz.tbd */ = {isa = PBXFileReference; lastKnownFileType = "sourcecode.text-based-dylib-definition"; name = libz.tbd; path = usr/lib/libz.tbd; sourceTree = SDKROOT; };
		F2FD10ED277CD3500038DEC9 /* Metal.framework */ = {isa = PBXFileReference; lastKnownFileType = wrapper.framework; name = Metal.framework; path = System/Library/Frameworks/Metal.framework; sourceTree = SDKROOT; };
		F2FD10EF277CD35A0038DEC9 /* OpenGLES.framework */ = {isa = PBXFileReference; lastKnownFileType = wrapper.framework; name = OpenGLES.framework; path = System/Library/Frameworks/OpenGLES.framework; sourceTree = SDKROOT; };
		F2FD10F1277CD3640038DEC9 /* QuartzCore.framework */ = {isa = PBXFileReference; lastKnownFileType = wrapper.framework; name = QuartzCore.framework; path = System/Library/Frameworks/QuartzCore.framework; sourceTree = SDKROOT; };
		F2FD10F3277CD36C0038DEC9 /* SystemConfiguration.framework */ = {isa = PBXFileReference; lastKnownFileType = wrapper.framework; name = SystemConfiguration.framework; path = System/Library/Frameworks/SystemConfiguration.framework; sourceTree = SDKROOT; };
		F2FD10F5277CD3710038DEC9 /* UIKit.framework */ = {isa = PBXFileReference; lastKnownFileType = wrapper.framework; name = UIKit.framework; path = System/Library/Frameworks/UIKit.framework; sourceTree = SDKROOT; };
		F2FD10F7277CD8E30038DEC9 /* GoogleMaps.bundle */ = {isa = PBXFileReference; lastKnownFileType = "wrapper.plug-in"; path = GoogleMaps.bundle; sourceTree = "<group>"; };
/* End PBXFileReference section */

/* Begin PBXFrameworksBuildPhase section */
		F20EB128277A37CF001DB926 /* Frameworks */ = {
			isa = PBXFrameworksBuildPhase;
			buildActionMask = 2147483647;
			files = (
				F20EB16C277A6887001DB926 /* GoogleMaps.framework in Frameworks */,
				F20EB16E277A6894001DB926 /* GoogleMapsCore.framework in Frameworks */,
				F20EB16A277A687C001DB926 /* GoogleMapsBase.framework in Frameworks */,
				F2FD10D8277CD2F60038DEC9 /* Accelerate.framework in Frameworks */,
				F2FD10DA277CD3010038DEC9 /* CoreData.framework in Frameworks */,
				F2FD10DE277CD3170038DEC9 /* CoreImage.framework in Frameworks */,
				F2FD10E0277CD3200038DEC9 /* CoreLocation.framework in Frameworks */,
				F2FD10DC277CD30B0038DEC9 /* CoreGraphics.framework in Frameworks */,
				F2FD10E2277CD3270038DEC9 /* CoreTelephony.framework in Frameworks */,
				F2FD10E4277CD32D0038DEC9 /* CoreText.framework in Frameworks */,
				F2FD10E6277CD3340038DEC9 /* GLKit.framework in Frameworks */,
				F2FD10E8277CD33A0038DEC9 /* ImageIO.framework in Frameworks */,
				F2FD10EA277CD3440038DEC9 /* libc++.tbd in Frameworks */,
				F2FD10EC277CD34B0038DEC9 /* libz.tbd in Frameworks */,
				F2FD10EE277CD3500038DEC9 /* Metal.framework in Frameworks */,
				F2FD10F0277CD35A0038DEC9 /* OpenGLES.framework in Frameworks */,
				F2FD10F2277CD3640038DEC9 /* QuartzCore.framework in Frameworks */,
				F2FD10F4277CD36C0038DEC9 /* SystemConfiguration.framework in Frameworks */,
				F2FD10F6277CD3710038DEC9 /* UIKit.framework in Frameworks */,
			);
			runOnlyForDeploymentPostprocessing = 0;
		};
		F20EB143277A37D1001DB926 /* Frameworks */ = {
			isa = PBXFrameworksBuildPhase;
			buildActionMask = 2147483647;
			files = (
			);
			runOnlyForDeploymentPostprocessing = 0;
		};
		F20EB14D277A37D1001DB926 /* Frameworks */ = {
			isa = PBXFrameworksBuildPhase;
			buildActionMask = 2147483647;
			files = (
			);
			runOnlyForDeploymentPostprocessing = 0;
		};
/* End PBXFrameworksBuildPhase section */

/* Begin PBXGroup section */
		F20EB122277A37CF001DB926 = {
			isa = PBXGroup;
			children = (
				F20EB12D277A37CF001DB926 /* ClinicalInc_MobileTechAssessment */,
				F20EB149277A37D1001DB926 /* ClinicalInc_MobileTechAssessmentTests */,
				F20EB153277A37D1001DB926 /* ClinicalInc_MobileTechAssessmentUITests */,
				F20EB12C277A37CF001DB926 /* Products */,
				F2FD10D6277CD2F60038DEC9 /* Frameworks */,
			);
			sourceTree = "<group>";
		};
		F20EB12C277A37CF001DB926 /* Products */ = {
			isa = PBXGroup;
			children = (
				F20EB12B277A37CF001DB926 /* ClinicalInc_MobileTechAssessment.app */,
				F20EB146277A37D1001DB926 /* ClinicalInc_MobileTechAssessmentTests.xctest */,
				F20EB150277A37D1001DB926 /* ClinicalInc_MobileTechAssessmentUITests.xctest */,
			);
			name = Products;
			sourceTree = "<group>";
		};
		F20EB12D277A37CF001DB926 /* ClinicalInc_MobileTechAssessment */ = {
			isa = PBXGroup;
			children = (
				F2FD10F7277CD8E30038DEC9 /* GoogleMaps.bundle */,
				F20EB16D277A6894001DB926 /* GoogleMapsCore.framework */,
				F20EB16B277A6887001DB926 /* GoogleMaps.framework */,
				F20EB169277A687C001DB926 /* GoogleMapsBase.framework */,
				F20EB12E277A37CF001DB926 /* AppDelegate.h */,
				F20EB12F277A37CF001DB926 /* AppDelegate.m */,
				F20EB131277A37CF001DB926 /* SceneDelegate.h */,
				F20EB132277A37CF001DB926 /* SceneDelegate.m */,
				F20EB134277A37CF001DB926 /* ViewController.h */,
				F20EB135277A37CF001DB926 /* ViewController.m */,
				F20EB137277A37CF001DB926 /* Main.storyboard */,
				F20EB13A277A37D1001DB926 /* Assets.xcassets */,
				F20EB13C277A37D1001DB926 /* LaunchScreen.storyboard */,
				F20EB13F277A37D1001DB926 /* Info.plist */,
				F20EB140277A37D1001DB926 /* main.m */,
				F2388CAE2793823800D31892 /* CurrentLocation.gpx */,
			);
			path = ClinicalInc_MobileTechAssessment;
			sourceTree = "<group>";
		};
		F20EB149277A37D1001DB926 /* ClinicalInc_MobileTechAssessmentTests */ = {
			isa = PBXGroup;
			children = (
				F20EB14A277A37D1001DB926 /* ClinicalInc_MobileTechAssessmentTests.m */,
			);
			path = ClinicalInc_MobileTechAssessmentTests;
			sourceTree = "<group>";
		};
		F20EB153277A37D1001DB926 /* ClinicalInc_MobileTechAssessmentUITests */ = {
			isa = PBXGroup;
			children = (
				F20EB154277A37D1001DB926 /* ClinicalInc_MobileTechAssessmentUITests.m */,
				F20EB156277A37D1001DB926 /* ClinicalInc_MobileTechAssessmentUITestsLaunchTests.m */,
			);
			path = ClinicalInc_MobileTechAssessmentUITests;
			sourceTree = "<group>";
		};
		F2FD10D6277CD2F60038DEC9 /* Frameworks */ = {
			isa = PBXGroup;
			children = (
				F2FD10F5277CD3710038DEC9 /* UIKit.framework */,
				F2FD10F3277CD36C0038DEC9 /* SystemConfiguration.framework */,
				F2FD10F1277CD3640038DEC9 /* QuartzCore.framework */,
				F2FD10EF277CD35A0038DEC9 /* OpenGLES.framework */,
				F2FD10ED277CD3500038DEC9 /* Metal.framework */,
				F2FD10EB277CD34B0038DEC9 /* libz.tbd */,
				F2FD10E9277CD3430038DEC9 /* libc++.tbd */,
				F2FD10E7277CD33A0038DEC9 /* ImageIO.framework */,
				F2FD10E5277CD3340038DEC9 /* GLKit.framework */,
				F2FD10E3277CD32D0038DEC9 /* CoreText.framework */,
				F2FD10E1277CD3270038DEC9 /* CoreTelephony.framework */,
				F2FD10DF277CD3200038DEC9 /* CoreLocation.framework */,
				F2FD10DD277CD3170038DEC9 /* CoreImage.framework */,
				F2FD10DB277CD30B0038DEC9 /* CoreGraphics.framework */,
				F2FD10D9277CD3010038DEC9 /* CoreData.framework */,
				F2FD10D7277CD2F60038DEC9 /* Accelerate.framework */,
			);
			name = Frameworks;
			sourceTree = "<group>";
		};
/* End PBXGroup section */

/* Begin PBXNativeTarget section */
		F20EB12A277A37CF001DB926 /* ClinicalInc_MobileTechAssessment */ = {
			isa = PBXNativeTarget;
			buildConfigurationList = F20EB15A277A37D1001DB926 /* Build configuration list for PBXNativeTarget "ClinicalInc_MobileTechAssessment" */;
			buildPhases = (
				F20EB127277A37CF001DB926 /* Sources */,
				F20EB128277A37CF001DB926 /* Frameworks */,
				F20EB129277A37CF001DB926 /* Resources */,
			);
			buildRules = (
			);
			dependencies = (
			);
			name = ClinicalInc_MobileTechAssessment;
			productName = ClinicalInc_MobileTechAssessment;
			productReference = F20EB12B277A37CF001DB926 /* ClinicalInc_MobileTechAssessment.app */;
			productType = "com.apple.product-type.application";
		};
		F20EB145277A37D1001DB926 /* ClinicalInc_MobileTechAssessmentTests */ = {
			isa = PBXNativeTarget;
			buildConfigurationList = F20EB15D277A37D1001DB926 /* Build configuration list for PBXNativeTarget "ClinicalInc_MobileTechAssessmentTests" */;
			buildPhases = (
				F20EB142277A37D1001DB926 /* Sources */,
				F20EB143277A37D1001DB926 /* Frameworks */,
				F20EB144277A37D1001DB926 /* Resources */,
			);
			buildRules = (
			);
			dependencies = (
				F20EB148277A37D1001DB926 /* PBXTargetDependency */,
			);
			name = ClinicalInc_MobileTechAssessmentTests;
			productName = ClinicalInc_MobileTechAssessmentTests;
			productReference = F20EB146277A37D1001DB926 /* ClinicalInc_MobileTechAssessmentTests.xctest */;
			productType = "com.apple.product-type.bundle.unit-test";
		};
		F20EB14F277A37D1001DB926 /* ClinicalInc_MobileTechAssessmentUITests */ = {
			isa = PBXNativeTarget;
			buildConfigurationList = F20EB160277A37D1001DB926 /* Build configuration list for PBXNativeTarget "ClinicalInc_MobileTechAssessmentUITests" */;
			buildPhases = (
				F20EB14C277A37D1001DB926 /* Sources */,
				F20EB14D277A37D1001DB926 /* Frameworks */,
				F20EB14E277A37D1001DB926 /* Resources */,
			);
			buildRules = (
			);
			dependencies = (
				F20EB152277A37D1001DB926 /* PBXTargetDependency */,
			);
			name = ClinicalInc_MobileTechAssessmentUITests;
			productName = ClinicalInc_MobileTechAssessmentUITests;
			productReference = F20EB150277A37D1001DB926 /* ClinicalInc_MobileTechAssessmentUITests.xctest */;
			productType = "com.apple.product-type.bundle.ui-testing";
		};
/* End PBXNativeTarget section */

/* Begin PBXProject section */
		F20EB123277A37CF001DB926 /* Project object */ = {
			isa = PBXProject;
			attributes = {
				BuildIndependentTargetsInParallel = 1;
				LastUpgradeCheck = 1320;
				TargetAttributes = {
					F20EB12A277A37CF001DB926 = {
						CreatedOnToolsVersion = 13.2;
					};
					F20EB145277A37D1001DB926 = {
						CreatedOnToolsVersion = 13.2;
						TestTargetID = F20EB12A277A37CF001DB926;
					};
					F20EB14F277A37D1001DB926 = {
						CreatedOnToolsVersion = 13.2;
						TestTargetID = F20EB12A277A37CF001DB926;
					};
				};
			};
			buildConfigurationList = F20EB126277A37CF001DB926 /* Build configuration list for PBXProject "ClinicalInc_MobileTechAssessment" */;
			compatibilityVersion = "Xcode 13.0";
			developmentRegion = en;
			hasScannedForEncodings = 0;
			knownRegions = (
				en,
				Base,
			);
			mainGroup = F20EB122277A37CF001DB926;
			productRefGroup = F20EB12C277A37CF001DB926 /* Products */;
			projectDirPath = "";
			projectRoot = "";
			targets = (
				F20EB12A277A37CF001DB926 /* ClinicalInc_MobileTechAssessment */,
				F20EB145277A37D1001DB926 /* ClinicalInc_MobileTechAssessmentTests */,
				F20EB14F277A37D1001DB926 /* ClinicalInc_MobileTechAssessmentUITests */,
			);
		};
/* End PBXProject section */

/* Begin PBXResourcesBuildPhase section */
		F20EB129277A37CF001DB926 /* Resources */ = {
			isa = PBXResourcesBuildPhase;
			buildActionMask = 2147483647;
			files = (
				F20EB13E277A37D1001DB926 /* LaunchScreen.storyboard in Resources */,
				F20EB13B277A37D1001DB926 /* Assets.xcassets in Resources */,
				F20EB139277A37CF001DB926 /* Main.storyboard in Resources */,
				F2FD10F8277CD8E30038DEC9 /* GoogleMaps.bundle in Resources */,
				F2388CAF2793823800D31892 /* CurrentLocation.gpx in Resources */,
			);
			runOnlyForDeploymentPostprocessing = 0;
		};
		F20EB144277A37D1001DB926 /* Resources */ = {
			isa = PBXResourcesBuildPhase;
			buildActionMask = 2147483647;
			files = (
			);
			runOnlyForDeploymentPostprocessing = 0;
		};
		F20EB14E277A37D1001DB926 /* Resources */ = {
			isa = PBXResourcesBuildPhase;
			buildActionMask = 2147483647;
			files = (
			);
			runOnlyForDeploymentPostprocessing = 0;
		};
/* End PBXResourcesBuildPhase section */

/* Begin PBXSourcesBuildPhase section */
		F20EB127277A37CF001DB926 /* Sources */ = {
			isa = PBXSourcesBuildPhase;
			buildActionMask = 2147483647;
			files = (
				F20EB136277A37CF001DB926 /* ViewController.m in Sources */,
				F20EB130277A37CF001DB926 /* AppDelegate.m in Sources */,
				F20EB141277A37D1001DB926 /* main.m in Sources */,
				F20EB133277A37CF001DB926 /* SceneDelegate.m in Sources */,
			);
			runOnlyForDeploymentPostprocessing = 0;
		};
		F20EB142277A37D1001DB926 /* Sources */ = {
			isa = PBXSourcesBuildPhase;
			buildActionMask = 2147483647;
			files = (
				F20EB14B277A37D1001DB926 /* ClinicalInc_MobileTechAssessmentTests.m in Sources */,
			);
			runOnlyForDeploymentPostprocessing = 0;
		};
		F20EB14C277A37D1001DB926 /* Sources */ = {
			isa = PBXSourcesBuildPhase;
			buildActionMask = 2147483647;
			files = (
				F20EB157277A37D1001DB926 /* ClinicalInc_MobileTechAssessmentUITestsLaunchTests.m in Sources */,
				F20EB155277A37D1001DB926 /* ClinicalInc_MobileTechAssessmentUITests.m in Sources */,
			);
			runOnlyForDeploymentPostprocessing = 0;
		};
/* End PBXSourcesBuildPhase section */

/* Begin PBXTargetDependency section */
		F20EB148277A37D1001DB926 /* PBXTargetDependency */ = {
			isa = PBXTargetDependency;
			target = F20EB12A277A37CF001DB926 /* ClinicalInc_MobileTechAssessment */;
			targetProxy = F20EB147277A37D1001DB926 /* PBXContainerItemProxy */;
		};
		F20EB152277A37D1001DB926 /* PBXTargetDependency */ = {
			isa = PBXTargetDependency;
			target = F20EB12A277A37CF001DB926 /* ClinicalInc_MobileTechAssessment */;
			targetProxy = F20EB151277A37D1001DB926 /* PBXContainerItemProxy */;
		};
/* End PBXTargetDependency section */

/* Begin PBXVariantGroup section */
		F20EB137277A37CF001DB926 /* Main.storyboard */ = {
			isa = PBXVariantGroup;
			children = (
				F20EB138277A37CF001DB926 /* Base */,
			);
			name = Main.storyboard;
			sourceTree = "<group>";
		};
		F20EB13C277A37D1001DB926 /* LaunchScreen.storyboard */ = {
			isa = PBXVariantGroup;
			children = (
				F20EB13D277A37D1001DB926 /* Base */,
			);
			name = LaunchScreen.storyboard;
			sourceTree = "<group>";
		};
/* End PBXVariantGroup section */

/* Begin XCBuildConfiguration section */
		F20EB158277A37D1001DB926 /* Debug */ = {
			isa = XCBuildConfiguration;
			buildSettings = {
				ALWAYS_SEARCH_USER_PATHS = NO;
				CLANG_ANALYZER_NONNULL = YES;
				CLANG_ANALYZER_NUMBER_OBJECT_CONVERSION = YES_AGGRESSIVE;
				CLANG_CXX_LANGUAGE_STANDARD = "gnu++17";
				CLANG_CXX_LIBRARY = "libc++";
				CLANG_ENABLE_MODULES = YES;
				CLANG_ENABLE_OBJC_ARC = YES;
				CLANG_ENABLE_OBJC_WEAK = YES;
				CLANG_WARN_BLOCK_CAPTURE_AUTORELEASING = YES;
				CLANG_WARN_BOOL_CONVERSION = YES;
				CLANG_WARN_COMMA = YES;
				CLANG_WARN_CONSTANT_CONVERSION = YES;
				CLANG_WARN_DEPRECATED_OBJC_IMPLEMENTATIONS = YES;
				CLANG_WARN_DIRECT_OBJC_ISA_USAGE = YES_ERROR;
				CLANG_WARN_DOCUMENTATION_COMMENTS = YES;
				CLANG_WARN_EMPTY_BODY = YES;
				CLANG_WARN_ENUM_CONVERSION = YES;
				CLANG_WARN_INFINITE_RECURSION = YES;
				CLANG_WARN_INT_CONVERSION = YES;
				CLANG_WARN_NON_LITERAL_NULL_CONVERSION = YES;
				CLANG_WARN_OBJC_IMPLICIT_RETAIN_SELF = YES;
				CLANG_WARN_OBJC_LITERAL_CONVERSION = YES;
				CLANG_WARN_OBJC_ROOT_CLASS = YES_ERROR;
				CLANG_WARN_QUOTED_INCLUDE_IN_FRAMEWORK_HEADER = YES;
				CLANG_WARN_RANGE_LOOP_ANALYSIS = YES;
				CLANG_WARN_STRICT_PROTOTYPES = YES;
				CLANG_WARN_SUSPICIOUS_MOVE = YES;
				CLANG_WARN_UNGUARDED_AVAILABILITY = YES_AGGRESSIVE;
				CLANG_WARN_UNREACHABLE_CODE = YES;
				CLANG_WARN__DUPLICATE_METHOD_MATCH = YES;
				COPY_PHASE_STRIP = NO;
				DEBUG_INFORMATION_FORMAT = dwarf;
				ENABLE_STRICT_OBJC_MSGSEND = YES;
				ENABLE_TESTABILITY = YES;
				GCC_C_LANGUAGE_STANDARD = gnu11;
				GCC_DYNAMIC_NO_PIC = NO;
				GCC_NO_COMMON_BLOCKS = YES;
				GCC_OPTIMIZATION_LEVEL = 0;
				GCC_PREPROCESSOR_DEFINITIONS = (
					"DEBUG=1",
					"$(inherited)",
				);
				GCC_WARN_64_TO_32_BIT_CONVERSION = YES;
				GCC_WARN_ABOUT_RETURN_TYPE = YES_ERROR;
				GCC_WARN_UNDECLARED_SELECTOR = YES;
				GCC_WARN_UNINITIALIZED_AUTOS = YES_AGGRESSIVE;
				GCC_WARN_UNUSED_FUNCTION = YES;
				GCC_WARN_UNUSED_VARIABLE = YES;
				IPHONEOS_DEPLOYMENT_TARGET = 15.2;
				MTL_ENABLE_DEBUG_INFO = INCLUDE_SOURCE;
				MTL_FAST_MATH = YES;
				ONLY_ACTIVE_ARCH = YES;
				OTHER_LDFLAGS = "-ObjC";
				SDKROOT = iphoneos;
			};
			name = Debug;
		};
		F20EB159277A37D1001DB926 /* Release */ = {
			isa = XCBuildConfiguration;
			buildSettings = {
				ALWAYS_SEARCH_USER_PATHS = NO;
				CLANG_ANALYZER_NONNULL = YES;
				CLANG_ANALYZER_NUMBER_OBJECT_CONVERSION = YES_AGGRESSIVE;
				CLANG_CXX_LANGUAGE_STANDARD = "gnu++17";
				CLANG_CXX_LIBRARY = "libc++";
				CLANG_ENABLE_MODULES = YES;
				CLANG_ENABLE_OBJC_ARC = YES;
				CLANG_ENABLE_OBJC_WEAK = YES;
				CLANG_WARN_BLOCK_CAPTURE_AUTORELEASING = YES;
				CLANG_WARN_BOOL_CONVERSION = YES;
				CLANG_WARN_COMMA = YES;
				CLANG_WARN_CONSTANT_CONVERSION = YES;
				CLANG_WARN_DEPRECATED_OBJC_IMPLEMENTATIONS = YES;
				CLANG_WARN_DIRECT_OBJC_ISA_USAGE = YES_ERROR;
				CLANG_WARN_DOCUMENTATION_COMMENTS = YES;
				CLANG_WARN_EMPTY_BODY = YES;
				CLANG_WARN_ENUM_CONVERSION = YES;
				CLANG_WARN_INFINITE_RECURSION = YES;
				CLANG_WARN_INT_CONVERSION = YES;
				CLANG_WARN_NON_LITERAL_NULL_CONVERSION = YES;
				CLANG_WARN_OBJC_IMPLICIT_RETAIN_SELF = YES;
				CLANG_WARN_OBJC_LITERAL_CONVERSION = YES;
				CLANG_WARN_OBJC_ROOT_CLASS = YES_ERROR;
				CLANG_WARN_QUOTED_INCLUDE_IN_FRAMEWORK_HEADER = YES;
				CLANG_WARN_RANGE_LOOP_ANALYSIS = YES;
				CLANG_WARN_STRICT_PROTOTYPES = YES;
				CLANG_WARN_SUSPICIOUS_MOVE = YES;
				CLANG_WARN_UNGUARDED_AVAILABILITY = YES_AGGRESSIVE;
				CLANG_WARN_UNREACHABLE_CODE = YES;
				CLANG_WARN__DUPLICATE_METHOD_MATCH = YES;
				COPY_PHASE_STRIP = NO;
				DEBUG_INFORMATION_FORMAT = "dwarf-with-dsym";
				ENABLE_NS_ASSERTIONS = NO;
				ENABLE_STRICT_OBJC_MSGSEND = YES;
				GCC_C_LANGUAGE_STANDARD = gnu11;
				GCC_NO_COMMON_BLOCKS = YES;
				GCC_WARN_64_TO_32_BIT_CONVERSION = YES;
				GCC_WARN_ABOUT_RETURN_TYPE = YES_ERROR;
				GCC_WARN_UNDECLARED_SELECTOR = YES;
				GCC_WARN_UNINITIALIZED_AUTOS = YES_AGGRESSIVE;
				GCC_WARN_UNUSED_FUNCTION = YES;
				GCC_WARN_UNUSED_VARIABLE = YES;
				IPHONEOS_DEPLOYMENT_TARGET = 15.2;
				MTL_ENABLE_DEBUG_INFO = NO;
				MTL_FAST_MATH = YES;
				OTHER_LDFLAGS = "-ObjC";
				SDKROOT = iphoneos;
				VALIDATE_PRODUCT = YES;
			};
			name = Release;
		};
		F20EB15B277A37D1001DB926 /* Debug */ = {
			isa = XCBuildConfiguration;
			buildSettings = {
				ASSETCATALOG_COMPILER_APPICON_NAME = AppIcon;
				ASSETCATALOG_COMPILER_GLOBAL_ACCENT_COLOR_NAME = AccentColor;
				CODE_SIGN_STYLE = Automatic;
				CURRENT_PROJECT_VERSION = 1;
				DEVELOPMENT_TEAM = BY785MSY79;
				FRAMEWORK_SEARCH_PATHS = (
					"$(inherited)",
					"$(PROJECT_DIR)/ClinicalInc_MobileTechAssessment",
				);
				GENERATE_INFOPLIST_FILE = YES;
				INFOPLIST_FILE = ClinicalInc_MobileTechAssessment/Info.plist;
				INFOPLIST_KEY_UIApplicationSupportsIndirectInputEvents = YES;
				INFOPLIST_KEY_UILaunchStoryboardName = LaunchScreen;
				INFOPLIST_KEY_UIMainStoryboardFile = Main;
				INFOPLIST_KEY_UISupportedInterfaceOrientations = UIInterfaceOrientationPortrait;
				INFOPLIST_KEY_UISupportedInterfaceOrientations_iPad = "UIInterfaceOrientationPortrait UIInterfaceOrientationPortraitUpsideDown UIInterfaceOrientationLandscapeLeft UIInterfaceOrientationLandscapeRight";
				INFOPLIST_KEY_UISupportedInterfaceOrientations_iPhone = "UIInterfaceOrientationPortrait UIInterfaceOrientationLandscapeLeft UIInterfaceOrientationLandscapeRight";
				LD_RUNPATH_SEARCH_PATHS = (
					"$(inherited)",
					"@executable_path/Frameworks",
				);
				MARKETING_VERSION = 1.0;
				PRODUCT_BUNDLE_IDENTIFIER = "TylerWoodley.ClinicalInc-MobileTechAssessment";
				PRODUCT_NAME = "$(TARGET_NAME)";
				SWIFT_EMIT_LOC_STRINGS = YES;
				TARGETED_DEVICE_FAMILY = "1,2";
			};
			name = Debug;
		};
		F20EB15C277A37D1001DB926 /* Release */ = {
			isa = XCBuildConfiguration;
			buildSettings = {
				ASSETCATALOG_COMPILER_APPICON_NAME = AppIcon;
				ASSETCATALOG_COMPILER_GLOBAL_ACCENT_COLOR_NAME = AccentColor;
				CODE_SIGN_STYLE = Automatic;
				CURRENT_PROJECT_VERSION = 1;
				DEVELOPMENT_TEAM = BY785MSY79;
				FRAMEWORK_SEARCH_PATHS = (
					"$(inherited)",
					"$(PROJECT_DIR)/ClinicalInc_MobileTechAssessment",
				);
				GENERATE_INFOPLIST_FILE = YES;
				INFOPLIST_FILE = ClinicalInc_MobileTechAssessment/Info.plist;
				INFOPLIST_KEY_UIApplicationSupportsIndirectInputEvents = YES;
				INFOPLIST_KEY_UILaunchStoryboardName = LaunchScreen;
				INFOPLIST_KEY_UIMainStoryboardFile = Main;
				INFOPLIST_KEY_UISupportedInterfaceOrientations = UIInterfaceOrientationPortrait;
				INFOPLIST_KEY_UISupportedInterfaceOrientations_iPad = "UIInterfaceOrientationPortrait UIInterfaceOrientationPortraitUpsideDown UIInterfaceOrientationLandscapeLeft UIInterfaceOrientationLandscapeRight";
				INFOPLIST_KEY_UISupportedInterfaceOrientations_iPhone = "UIInterfaceOrientationPortrait UIInterfaceOrientationLandscapeLeft UIInterfaceOrientationLandscapeRight";
				LD_RUNPATH_SEARCH_PATHS = (
					"$(inherited)",
					"@executable_path/Frameworks",
				);
				MARKETING_VERSION = 1.0;
				PRODUCT_BUNDLE_IDENTIFIER = "TylerWoodley.ClinicalInc-MobileTechAssessment";
				PRODUCT_NAME = "$(TARGET_NAME)";
				SWIFT_EMIT_LOC_STRINGS = YES;
				TARGETED_DEVICE_FAMILY = "1,2";
			};
			name = Release;
		};
		F20EB15E277A37D1001DB926 /* Debug */ = {
			isa = XCBuildConfiguration;
			buildSettings = {
				BUNDLE_LOADER = "$(TEST_HOST)";
				CODE_SIGN_STYLE = Automatic;
				CURRENT_PROJECT_VERSION = 1;
				DEVELOPMENT_TEAM = BY785MSY79;
				GENERATE_INFOPLIST_FILE = YES;
				IPHONEOS_DEPLOYMENT_TARGET = 15.2;
				MARKETING_VERSION = 1.0;
				PRODUCT_BUNDLE_IDENTIFIER = "TylerWoodley.ClinicalInc-MobileTechAssessmentTests";
				PRODUCT_NAME = "$(TARGET_NAME)";
				SWIFT_EMIT_LOC_STRINGS = NO;
				TARGETED_DEVICE_FAMILY = "1,2";
				TEST_HOST = "$(BUILT_PRODUCTS_DIR)/ClinicalInc_MobileTechAssessment.app/ClinicalInc_MobileTechAssessment";
			};
			name = Debug;
		};
		F20EB15F277A37D1001DB926 /* Release */ = {
			isa = XCBuildConfiguration;
			buildSettings = {
				BUNDLE_LOADER = "$(TEST_HOST)";
				CODE_SIGN_STYLE = Automatic;
				CURRENT_PROJECT_VERSION = 1;
				DEVELOPMENT_TEAM = BY785MSY79;
				GENERATE_INFOPLIST_FILE = YES;
				IPHONEOS_DEPLOYMENT_TARGET = 15.2;
				MARKETING_VERSION = 1.0;
				PRODUCT_BUNDLE_IDENTIFIER = "TylerWoodley.ClinicalInc-MobileTechAssessmentTests";
				PRODUCT_NAME = "$(TARGET_NAME)";
				SWIFT_EMIT_LOC_STRINGS = NO;
				TARGETED_DEVICE_FAMILY = "1,2";
				TEST_HOST = "$(BUILT_PRODUCTS_DIR)/ClinicalInc_MobileTechAssessment.app/ClinicalInc_MobileTechAssessment";
			};
			name = Release;
		};
		F20EB161277A37D1001DB926 /* Debug */ = {
			isa = XCBuildConfiguration;
			buildSettings = {
				CODE_SIGN_STYLE = Automatic;
				CURRENT_PROJECT_VERSION = 1;
				DEVELOPMENT_TEAM = BY785MSY79;
				GENERATE_INFOPLIST_FILE = YES;
				MARKETING_VERSION = 1.0;
				PRODUCT_BUNDLE_IDENTIFIER = "TylerWoodley.ClinicalInc-MobileTechAssessmentUITests";
				PRODUCT_NAME = "$(TARGET_NAME)";
				SWIFT_EMIT_LOC_STRINGS = NO;
				TARGETED_DEVICE_FAMILY = "1,2";
				TEST_TARGET_NAME = ClinicalInc_MobileTechAssessment;
			};
			name = Debug;
		};
		F20EB162277A37D1001DB926 /* Release */ = {
			isa = XCBuildConfiguration;
			buildSettings = {
				CODE_SIGN_STYLE = Automatic;
				CURRENT_PROJECT_VERSION = 1;
				DEVELOPMENT_TEAM = BY785MSY79;
				GENERATE_INFOPLIST_FILE = YES;
				MARKETING_VERSION = 1.0;
				PRODUCT_BUNDLE_IDENTIFIER = "TylerWoodley.ClinicalInc-MobileTechAssessmentUITests";
				PRODUCT_NAME = "$(TARGET_NAME)";
				SWIFT_EMIT_LOC_STRINGS = NO;
				TARGETED_DEVICE_FAMILY = "1,2";
				TEST_TARGET_NAME = ClinicalInc_MobileTechAssessment;
			};
			name = Release;
		};
/* End XCBuildConfiguration section */

/* Begin XCConfigurationList section */
		F20EB126277A37CF001DB926 /* Build configuration list for PBXProject "ClinicalInc_MobileTechAssessment" */ = {
			isa = XCConfigurationList;
			buildConfigurations = (
				F20EB158277A37D1001DB926 /* Debug */,
				F20EB159277A37D1001DB926 /* Release */,
			);
			defaultConfigurationIsVisible = 0;
			defaultConfigurationName = Release;
		};
		F20EB15A277A37D1001DB926 /* Build configuration list for PBXNativeTarget "ClinicalInc_MobileTechAssessment" */ = {
			isa = XCConfigurationList;
			buildConfigurations = (
				F20EB15B277A37D1001DB926 /* Debug */,
				F20EB15C277A37D1001DB926 /* Release */,
			);
			defaultConfigurationIsVisible = 0;
			defaultConfigurationName = Release;
		};
		F20EB15D277A37D1001DB926 /* Build configuration list for PBXNativeTarget "ClinicalInc_MobileTechAssessmentTests" */ = {
			isa = XCConfigurationList;
			buildConfigurations = (
				F20EB15E277A37D1001DB926 /* Debug */,
				F20EB15F277A37D1001DB926 /* Release */,
			);
			defaultConfigurationIsVisible = 0;
			defaultConfigurationName = Release;
		};
		F20EB160277A37D1001DB926 /* Build configuration list for PBXNativeTarget "ClinicalInc_MobileTechAssessmentUITests" */ = {
			isa = XCConfigurationList;
			buildConfigurations = (
				F20EB161277A37D1001DB926 /* Debug */,
				F20EB162277A37D1001DB926 /* Release */,
			);
			defaultConfigurationIsVisible = 0;
			defaultConfigurationName = Release;
		};
/* End XCConfigurationList section */
	};
	rootObject = F20EB123277A37CF001DB926 /* Project object */;
}
